<?xml version="1.0" encoding="utf-8"?>
<Project ToolsVersion="4.0" xmlns="http://schemas.microsoft.com/developer/msbuild/2003">
  <ItemGroup>
    <Filter Include="Source Files">
      <UniqueIdentifier>{4FC737F1-C7A5-4376-A066-2A32D752A2FF}</UniqueIdentifier>
      <Extensions>cpp;c;cc;cxx;c++;cppm;ixx;def;odl;idl;hpj;bat;asm;asmx</Extensions>
    </Filter>
    <Filter Include="Header Files">
      <UniqueIdentifier>{93995380-89BD-4b04-88EB-625FBE52EBFB}</UniqueIdentifier>
      <Extensions>h;hh;hpp;hxx;h++;hm;inl;inc;ipp;xsd</Extensions>
    </Filter>
    <Filter Include="Resource Files">
      <UniqueIdentifier>{67DA6AB6-F800-4c08-8B7A-83BB121AAD01}</UniqueIdentifier>
      <Extensions>rc;ico;cur;bmp;dlg;rc2;rct;bin;rgs;gif;jpg;jpeg;jpe;resx;tiff;tif;png;wav;mfcribbon-ms</Extensions>
    </Filter>
    <Filter Include="Source Files\Modules">
      <UniqueIdentifier>{df724e32-181b-43f8-bfa8-df5cfd3da19c}</UniqueIdentifier>
    </Filter>
    <Filter Include="Source Files\Lists">
      <UniqueIdentifier>{90309d70-7579-450e-88a2-8c1cc49e3da3}</UniqueIdentifier>
    </Filter>
    <Filter Include="Source Files\PacketList">
      <UniqueIdentifier>{ea30de25-6b1f-43f8-b1ad-bb092894645a}</UniqueIdentifier>
    </Filter>
    <Filter Include="Header Files\Modules">
      <UniqueIdentifier>{3683081c-4709-4d2b-9bf2-af420f13151c}</UniqueIdentifier>
    </Filter>
    <Filter Include="Header Files\PacketList">
      <UniqueIdentifier>{739fe6b7-38b2-4f52-ba2a-7efbb43e57a0}</UniqueIdentifier>
    </Filter>
    <Filter Include="Header Files\Lists">
      <UniqueIdentifier>{811c5e2e-f63f-4f0e-88c4-ab8419534d1f}</UniqueIdentifier>
    </Filter>
  </ItemGroup>
  <ItemGroup>
    <ClInclude Include="slipDLL.h">
      <Filter>Header Files</Filter>
    </ClInclude>
    <ClInclude Include="messagePipe.h">
      <Filter>Header Files</Filter>
    </ClInclude>
    <ClInclude Include="datetime_manipulator.h">
      <Filter>Header Files</Filter>
    </ClInclude>
    <ClInclude Include="Divert.h">
      <Filter>Header Files</Filter>
    </ClInclude>
    <ClInclude Include="GlobalVar.h">
      <Filter>Header Files</Filter>
    </ClInclude>
    <ClInclude Include="windivert.h">
      <Filter>Header Files</Filter>
    </ClInclude>
    <ClInclude Include="DropModule.h">
      <Filter>Header Files\Modules</Filter>
    </ClInclude>
    <ClInclude Include="DuplicationModule.h">
      <Filter>Header Files\Modules</Filter>
    </ClInclude>
    <ClInclude Include="EncryptModule.h">
      <Filter>Header Files\Modules</Filter>
    </ClInclude>
    <ClInclude Include="LagList.h">
      <Filter>Header Files\Lists</Filter>
    </ClInclude>
    <ClInclude Include="LagModule.h">
      <Filter>Header Files\Modules</Filter>
    </ClInclude>
    <ClInclude Include="List.h">
      <Filter>Header Files\Lists</Filter>
    </ClInclude>
    <ClInclude Include="Module.h">
      <Filter>Header Files\Modules</Filter>
    </ClInclude>
    <ClInclude Include="Node.h">
      <Filter>Header Files\PacketList</Filter>
    </ClInclude>
    <ClInclude Include="Packet.h">
      <Filter>Header Files\PacketList</Filter>
    </ClInclude>
    <ClInclude Include="PacketList.h">
      <Filter>Header Files\PacketList</Filter>
    </ClInclude>
    <ClInclude Include="ShuffleList.h">
      <Filter>Header Files\Lists</Filter>
    </ClInclude>
    <ClInclude Include="ShuffleModule.h">
      <Filter>Header Files\Modules</Filter>
    </ClInclude>
    <ClInclude Include="ThrottleList.h">
      <Filter>Header Files\Lists</Filter>
    </ClInclude>
    <ClInclude Include="ThrottleModule.h">
      <Filter>Header Files\Modules</Filter>
    </ClInclude>
    <ClInclude Include="TrafficShaperModule.h">
      <Filter>Header Files\Modules</Filter>
    </ClInclude>
    <ClInclude Include="Helper.h">
      <Filter>Header Files</Filter>
    </ClInclude>
  </ItemGroup>
  <ItemGroup>
    <ClCompile Include="dllmain.cpp">
      <Filter>Source Files</Filter>
    </ClCompile>
    <ClCompile Include="datetime_manipulator.cpp">
      <Filter>Source Files</Filter>
    </ClCompile>
    <ClCompile Include="messagePipe.cpp">
      <Filter>Source Files</Filter>
    </ClCompile>
    <ClCompile Include="Divert.cpp">
      <Filter>Source Files</Filter>
    </ClCompile>
    <ClCompile Include="GlobalVar.cpp">
      <Filter>Source Files</Filter>
    </ClCompile>
    <ClCompile Include="DropModule.cpp">
      <Filter>Source Files\Modules</Filter>
    </ClCompile>
    <ClCompile Include="DuplicationModule.cpp">
      <Filter>Source Files\Modules</Filter>
    </ClCompile>
    <ClCompile Include="EncryptModule.cpp">
      <Filter>Source Files\Modules</Filter>
    </ClCompile>
    <ClCompile Include="Module.cpp">
      <Filter>Source Files\Modules</Filter>
    </ClCompile>
    <ClCompile Include="LagModule.cpp">
      <Filter>Source Files\Modules</Filter>
    </ClCompile>
    <ClCompile Include="List.cpp">
      <Filter>Source Files\Lists</Filter>
    </ClCompile>
    <ClCompile Include="Packet.cpp">
      <Filter>Source Files\PacketList</Filter>
    </ClCompile>
    <ClCompile Include="Node.cpp">
      <Filter>Source Files\PacketList</Filter>
    </ClCompile>
    <ClCompile Include="PacketList.cpp">
      <Filter>Source Files\PacketList</Filter>
    </ClCompile>
    <ClCompile Include="ShuffleList.cpp">
      <Filter>Source Files\Lists</Filter>
    </ClCompile>
    <ClCompile Include="ShuffleModule.cpp">
      <Filter>Source Files\Modules</Filter>
    </ClCompile>
    <ClCompile Include="LagList.cpp">
      <Filter>Source Files\Lists</Filter>
    </ClCompile>
    <ClCompile Include="ThrottleList.cpp">
      <Filter>Source Files\Lists</Filter>
    </ClCompile>
    <ClCompile Include="ThrottleModule.cpp">
      <Filter>Source Files\Modules</Filter>
    </ClCompile>
    <ClCompile Include="TrafficShaperModule.cpp">
      <Filter>Source Files\Modules</Filter>
    </ClCompile>
    <ClCompile Include="Helper.cpp">
      <Filter>Source Files</Filter>
    </ClCompile>
  </ItemGroup>
</Project>